#MicroXplorer Configuration settings - do not modify
ADC.DiscontinuousConvMode=ENABLE
ADC.IPParameters=DiscontinuousConvMode
CAD.formats=
CAD.pinconfig=
CAD.provider=
FREERTOS.IPParameters=Tasks01
FREERTOS.Tasks01=defaultTask,24,128,StartDefaultTask,Default,NULL,Dynamic,NULL,NULL
File.Version=6
GPIO.groupedBy=Group By Peripherals
KeepUserPlacement=false
Mcu.CPN=STM32F030CCT6
Mcu.Family=STM32F0
Mcu.IP0=ADC
Mcu.IP1=FREERTOS
Mcu.IP2=NVIC
Mcu.IP3=RCC
Mcu.IP4=SYS
Mcu.IP5=USART1
Mcu.IPNb=6
Mcu.Name=STM32F030CCTx
Mcu.Package=LQFP48
Mcu.Pin0=PF0-OSC_IN
Mcu.Pin1=PF1-OSC_OUT
Mcu.Pin10=PB14
Mcu.Pin11=PB15
Mcu.Pin12=PA8
Mcu.Pin13=PA9
Mcu.Pin14=PA10
Mcu.Pin15=PA13
Mcu.Pin16=PA14
Mcu.Pin17=PB4
Mcu.Pin18=PB5
Mcu.Pin19=VP_FREERTOS_VS_CMSIS_V2
Mcu.Pin2=PA1
Mcu.Pin20=VP_SYS_VS_Systick
Mcu.Pin3=PA2
Mcu.Pin4=PA3
Mcu.Pin5=PA4
Mcu.Pin6=PA5
Mcu.Pin7=PB11
Mcu.Pin8=PB12
Mcu.Pin9=PB13
Mcu.PinsNb=21
Mcu.ThirdPartyNb=0
Mcu.UserConstants=
Mcu.UserName=STM32F030CCTx
MxCube.Version=6.12.0
MxDb.Version=DB.6.0.120
NVIC.ForceEnableDMAVector=true
NVIC.HardFault_IRQn=true\:0\:0\:false\:false\:true\:false\:false\:false\:false
NVIC.NonMaskableInt_IRQn=true\:0\:0\:false\:false\:true\:false\:false\:true\:false
NVIC.PendSV_IRQn=true\:3\:0\:false\:false\:false\:true\:false\:false\:false
NVIC.SVC_IRQn=true\:0\:0\:false\:false\:false\:false\:false\:false\:true
NVIC.SavedPendsvIrqHandlerGenerated=true
NVIC.SavedSvcallIrqHandlerGenerated=true
NVIC.SavedSystickIrqHandlerGenerated=true
NVIC.SysTick_IRQn=true\:3\:0\:false\:false\:true\:true\:false\:true\:false
NVIC.USART1_IRQn=true\:3\:0\:false\:false\:true\:true\:true\:true\:true
PA1.Mode=IN1
PA1.Signal=ADC_IN1
PA10.Mode=Asynchronous
PA10.Signal=USART1_RX
PA13.Mode=Serial_Wire
PA13.Signal=SYS_SWDIO
PA14.Mode=Serial_Wire
PA14.Signal=SYS_SWCLK
PA2.Mode=IN2
PA2.Signal=ADC_IN2
PA3.GPIOParameters=GPIO_Label
PA3.GPIO_Label=KEY1
PA3.Locked=true
PA3.Signal=GPIO_Input
PA4.GPIOParameters=GPIO_Label
PA4.GPIO_Label=KEY2
PA4.Locked=true
PA4.Signal=GPIO_Input
PA5.GPIOParameters=GPIO_Label
PA5.GPIO_Label=KEY3
PA5.Locked=true
PA5.Signal=GPIO_Input
PA8.GPIOParameters=GPIO_Label
PA8.GPIO_Label=RS485_Ctrl
PA8.Locked=true
PA8.Signal=GPIO_Output
PA9.Mode=Asynchronous
PA9.Signal=USART1_TX
PB11.GPIOParameters=PinState,GPIO_Label
PB11.GPIO_Label=LED_R
PB11.Locked=true
PB11.PinState=GPIO_PIN_RESET
PB11.Signal=GPIO_Output
PB12.GPIOParameters=PinState,GPIO_Label
PB12.GPIO_Label=LED_G
PB12.Locked=true
PB12.PinState=GPIO_PIN_RESET
PB12.Signal=GPIO_Output
PB13.GPIOParameters=PinState,GPIO_Label
PB13.GPIO_Label=LED_B
PB13.Locked=true
PB13.PinState=GPIO_PIN_RESET
PB13.Signal=GPIO_Output
PB14.GPIOParameters=GPIO_Label
PB14.GPIO_Label=BEEP2
PB14.Locked=true
PB14.Signal=GPIO_Output
PB15.GPIOParameters=GPIO_Label
PB15.GPIO_Label=BEEP1
PB15.Locked=true
PB15.Signal=GPIO_Output
PB4.GPIOParameters=GPIO_Label
PB4.GPIO_Label=Relay_K2
PB4.Locked=true
PB4.Signal=GPIO_Output
PB5.GPIOParameters=GPIO_Label
PB5.GPIO_Label=Relay_K1
PB5.Locked=true
PB5.Signal=GPIO_Output
PF0-OSC_IN.Mode=HSE-External-Oscillator
PF0-OSC_IN.Signal=RCC_OSC_IN
PF1-OSC_OUT.Mode=HSE-External-Oscillator
PF1-OSC_OUT.Signal=RCC_OSC_OUT
PinOutPanel.RotationAngle=0
ProjectManager.AskForMigrate=true
ProjectManager.BackupPrevious=false
ProjectManager.CompilerOptimize=6
ProjectManager.ComputerToolchain=false
ProjectManager.CoupleFile=true
ProjectManager.CustomerFirmwarePackage=
ProjectManager.DefaultFWLocation=true
ProjectManager.DeletePrevious=true
ProjectManager.DeviceId=STM32F030CCTx
ProjectManager.FirmwarePackage=STM32Cube FW_F0 V1.11.5
ProjectManager.FreePins=false
ProjectManager.HalAssertFull=false
ProjectManager.HeapSize=0x200
ProjectManager.KeepUserCode=true
ProjectManager.LastFirmware=true
ProjectManager.LibraryCopy=0
ProjectManager.MainLocation=Core/Src
ProjectManager.NoMain=false
ProjectManager.PreviousToolchain=
ProjectManager.ProjectBuild=false
ProjectManager.ProjectFileName=demo.ioc
ProjectManager.ProjectName=demo
ProjectManager.ProjectStructure=
ProjectManager.RegisterCallBack=
ProjectManager.StackSize=0x400
ProjectManager.TargetToolchain=MDK-ARM V5.32
ProjectManager.ToolChainLocation=
ProjectManager.UAScriptAfterPath=
ProjectManager.UAScriptBeforePath=
ProjectManager.UnderRoot=false
ProjectManager.functionlistsort=1-SystemClock_Config-RCC-false-HAL-false,2-MX_GPIO_Init-GPIO-false-HAL-true,3-MX_USART1_UART_Init-USART1-false-HAL-true
RCC.AHBFreq_Value=48000000
RCC.APB1Freq_Value=48000000
RCC.APB1TimFreq_Value=48000000
RCC.EnbaleCSS=true
RCC.FCLKCortexFreq_Value=48000000
RCC.FamilyName=M
RCC.HCLKFreq_Value=48000000
RCC.IPParameters=AHBFreq_Value,APB1Freq_Value,APB1TimFreq_Value,EnbaleCSS,FCLKCortexFreq_Value,FamilyName,HCLKFreq_Value,MCOFreq_Value,PLLCLKFreq_Value,PLLMCOFreq_Value,PLLMUL,PLLSourceVirtual,SYSCLKFreq_VALUE,SYSCLKSource,TimSysFreq_Value,USART1Freq_Value,VCOOutput2Freq_Value
RCC.MCOFreq_Value=48000000
RCC.PLLCLKFreq_Value=48000000
RCC.PLLMCOFreq_Value=48000000
RCC.PLLMUL=RCC_PLL_MUL6
RCC.PLLSourceVirtual=RCC_PLLSOURCE_HSE
RCC.SYSCLKFreq_VALUE=48000000
RCC.SYSCLKSource=RCC_SYSCLKSOURCE_PLLCLK
RCC.TimSysFreq_Value=48000000
RCC.USART1Freq_Value=48000000
RCC.VCOOutput2Freq_Value=8000000
USART1.IPParameters=VirtualMode-Asynchronous
USART1.VirtualMode-Asynchronous=VM_ASYNC
VP_FREERTOS_VS_CMSIS_V2.Mode=CMSIS_V2
VP_FREERTOS_VS_CMSIS_V2.Signal=FREERTOS_VS_CMSIS_V2
VP_SYS_VS_Systick.Mode=SysTick
VP_SYS_VS_Systick.Signal=SYS_VS_Systick
board=custom
rtos.0.ip=FREERTOS
